
Microsoft Visual Studio Solution File, Format Version 12.00
# Visual Studio Version 17
VisualStudioVersion = 17.0.31903.59
MinimumVisualStudioVersion = 10.0.40219.1
Project("{9A19103F-16F7-4668-BE54-9A1E7A4F7556}") = "SchoolWebsite", "SchoolWebsite\SchoolWebsite.csproj", "{D3FB7C08-11D6-4F4F-A6EC-BDAE93DA930E}"
EndProject
Global
	GlobalSection(SolutionConfigurationPlatforms) = preSolution
		Debug|Any CPU = Debug|Any CPU
		Release|Any CPU = Release|Any CPU
	EndGlobalSection
	GlobalSection(ProjectConfigurationPlatforms) = postSolution
		{D3FB7C08-11D6-4F4F-A6EC-BDAE93DA930E}.Debug|Any CPU.ActiveCfg = Debug|Any CPU
		{D3FB7C08-11D6-4F4F-A6EC-BDAE93DA930E}.Debug|Any CPU.Build.0 = Debug|Any CPU
		{D3FB7C08-11D6-4F4F-A6EC-BDAE93DA930E}.Release|Any CPU.ActiveCfg = Release|Any CPU
		{D3FB7C08-11D6-4F4F-A6EC-BDAE93DA930E}.Release|Any CPU.Build.0 = Release|Any CPU
	EndGlobalSection
	GlobalSection(SolutionProperties) = preSolution
		HideSolutionNode = FALSE
	EndGlobalSection
	GlobalSection(ExtensibilityGlobals) = postSolution
		SolutionGuid = {FB4F034A-26E7-45FC-B921-34650B45B357}
	EndGlobalSection
EndGlobal
